github.com/DATA-DOG/go-sqlmock v1.5.2 h1:OcvFkGmslmlZibjAjaHm3L//6LiuBgolP7OputlJIzU=
github.com/DATA-DOG/go-sqlmock v1.5.2/go.mod h1:88MAG/4G7SMwSE3CeA0ZKzrT5CiOU3OJ+JlNzwDqpNU=
github.com/coreos/go-systemd/v22 v22.5.0/go.mod h1:Y58oyj3AT4RCenI/lSvhwexgC+NSVTIJ3seZv2GcEnc=
github.com/davecgh/go-spew v1.1.1 h1:vj9j/u1bqnvCEfJOwUhtlOARqs3+rkHYY13jYWTU97c=
github.com/davecgh/go-spew v1.1.1/go.mod h1:J7Y8YcW2NihsgmVo/mv3lAwl/skON4iLHjSsI+c5H38=
github.com/godbus/dbus/v5 v5.0.4/go.mod h1:xhWf0FNVPg57R7Z0UbKHbJfkEywrmjJnf7w5xrFpKfA=
github.com/golang-migrate/migrate/v4 v4.18.3 h1:EYGkoOsvgHHfm5U/naS1RP/6PL/Xv3S4B/swMiAmDLs=
github.com/golang-migrate/migrate/v4 v4.18.3/go.mod h1:99BKpIi6ruaaXRM1A77eqZ+FWPQ3cfRa+ZVy5bmWMaY=
github.com/google/go-cmp v0.7.0 h1:wk8382ETsv4JYUZwIsn6YpYiWiBsYLSJiTsyBybVuN8=
github.com/google/go-cmp v0.7.0/go.mod h1:pXiqmnSA92OHEEa9HXL2W4E7lf9JzCmGVUdgjX3N/iU=
github.com/hashicorp/errwrap v1.0.0/go.mod h1:YH+1FKiLXxHSkmPseP+kNlulaMuP3n2brvKWEqk/Jc4=
github.com/hashicorp/errwrap v1.1.0 h1:OxrOeh75EUXMY8TBjag2fzXGZ40LB6IKw45YeGUDY2I=
github.com/hashicorp/errwrap v1.1.0/go.mod h1:YH+1FKiLXxHSkmPseP+kNlulaMuP3n2brvKWEqk/Jc4=
github.com/hashicorp/go-multierror v1.1.1 h1:H5DkEtf6CXdFp0N0Em5UCwQpXMWke8IA0+lD48awMYo=
github.com/hashicorp/go-multierror v1.1.1/go.mod h1:iw975J/qwKPdAO1clOe2L8331t/9/fmwbPZ6JB6eMoM=
github.com/lib/pq v1.10.9 h1:YXG7RB+JIjhP29X+OtkiDnYaXQwpS4JEWq7dtCCRUEw=
github.com/lib/pq v1.10.9/go.mod h1:AlVN5x4E4T544tWzH6hKfbfQvm3HdbOxrmggDNAPY9o=
github.com/mattn/go-colorable v0.1.13/go.mod h1:7S9/ev0klgBDR4GtXTXX8a3vIGJpMovkB8vQcUbaXHg=
github.com/mattn/go-colorable v0.1.14 h1:9A9LHSqF/7dyVVX6g0U9cwm9pG3kP9gSzcuIPHPsaIE=
github.com/mattn/go-colorable v0.1.14/go.mod h1:6LmQG8QLFO4G5z1gPvYEzlUgJ2wF+stgPZH1UqBm1s8=
github.com/mattn/go-isatty v0.0.16/go.mod h1:kYGgaQfpe5nmfYZH+SKPsOc2e4SrIfOl2e/yFXSvRLM=
github.com/mattn/go-isatty v0.0.19/go.mod h1:W+V8PltTTMOvKvAeJH7IuucS94S2C6jfK/D7dTCTo3Y=
github.com/mattn/go-isatty v0.0.20 h1:xfD0iDuEKnDkl03q4limB+vH+GxLEtL/jb4xVJSWWEY=
github.com/mattn/go-isatty v0.0.20/go.mod h1:W+V8PltTTMOvKvAeJH7IuucS94S2C6jfK/D7dTCTo3Y=
github.com/mattn/go-sqlite3 v1.14.28 h1:ThEiQrnbtumT+QMknw63Befp/ce/nUPgBPMlRFEum7A=
github.com/mattn/go-sqlite3 v1.14.28/go.mod h1:Uh1q+B4BYcTPb+yiD3kU8Ct7aC0hY9fxUwlHK0RXw+Y=
github.com/pkg/errors v0.9.1/go.mod h1:bwawxfHBFNV+L2hUp1rHADufV3IMtnDRdf1r5NINEl0=
github.com/pmezard/go-difflib v1.0.0 h1:4DBwDE0NGyQoBHbLQYPwSUPoCMWR5BEzIk/f1lZbAQM=
github.com/pmezard/go-difflib v1.0.0/go.mod h1:iKH77koFhYxTK1pcRnkKkqfTogsbg7gZNVY4sRDYZ/4=
github.com/rs/xid v1.6.0/go.mod h1:7XoLgs4eV+QndskICGsho+ADou8ySMSjJKDIan90Nz0=
github.com/rs/zerolog v1.34.0 h1:k43nTLIwcTVQAncfCw4KZ2VY6ukYoZaBPNOE8txlOeY=
github.com/rs/zerolog v1.34.0/go.mod h1:bJsvje4Z08ROH4Nhs5iH600c3IkWhwp44iRc54W6wYQ=
github.com/stretchr/testify v1.9.0 h1:HtqpIVDClZ4nwg75+f6Lvsy/wHu+3BoSGCbBAcpTsTg=
github.com/stretchr/testify v1.9.0/go.mod h1:r2ic/lqez/lEtzL7wO/rwa5dbSLXVDPFyf8C91i36aY=
github.com/stretchr/testify v1.10.0/go.mod h1:r2ic/lqez/lEtzL7wO/rwa5dbSLXVDPFyf8C91i36aY=
github.com/vloryan/go-libs v0.0.0-20250602145501-aab079fbf03b h1:uIhqB+6PKwPe4+Fo7vC8c9JI/iwduUy9Xoav4NyU7zs=
github.com/vloryan/go-libs v0.0.0-20250602145501-aab079fbf03b/go.mod h1:AlxeO0BL+wndeACfu5F8E0SHEYxYgpn78cui9mLjVZw=
github.com/vloryan/go-libs v0.0.0-20250605082306-05e053b3f055 h1:0GrErFuF8+ygyvWv5R+UMgWwDdLR9WTi18xnEtm8ozU=
github.com/vloryan/go-libs v0.0.0-20250605082306-05e053b3f055/go.mod h1:5pNYSr0UJJ9xgBw2m2EEr23JfLta6DcUio7Y7LntUKU=
github.com/vloryan/go-libs v0.0.0-20250613121936-a634519bcd78 h1:xl4vao2LWDFYDsCo7rvmeNMXDy3stBJApc59rL1lFeI=
github.com/vloryan/go-libs v0.0.0-20250613121936-a634519bcd78/go.mod h1:5pNYSr0UJJ9xgBw2m2EEr23JfLta6DcUio7Y7LntUKU=
github.com/vloryan/goltmux v0.0.0-20250605074817-15ca03a0e60d h1:bA3YellbH5won01b5Jnt7Qa11PrUOp9xp4ddihfu/vM=
github.com/vloryan/goltmux v0.0.0-20250605074817-15ca03a0e60d/go.mod h1:4lb0BdiHG0/HxSitGmq+PH1hsdR1zAMvYRFKBf1jXZw=
github.com/vloryan/goltmux v0.0.0-20250605105427-bf3ea7e1ccf2 h1:V3LQZqI0ep2KdZuJIAMkL8OkClKfmMZGtu4I//65YQY=
github.com/vloryan/goltmux v0.0.0-20250605105427-bf3ea7e1ccf2/go.mod h1:4lb0BdiHG0/HxSitGmq+PH1hsdR1zAMvYRFKBf1jXZw=
github.com/vloryan/goltmux v0.0.0-20250616121411-547ebefff060 h1:9pIMbKIMee7mE5c/owB5T0JSkXggL24c5Ypac18aVdY=
github.com/vloryan/goltmux v0.0.0-20250616121411-547ebefff060/go.mod h1:4lb0BdiHG0/HxSitGmq+PH1hsdR1zAMvYRFKBf1jXZw=
go.uber.org/atomic v1.11.0 h1:ZvwS0R+56ePWxUNi+Atn9dWONBPp/AUETXlHW0DxSjE=
go.uber.org/atomic v1.11.0/go.mod h1:LUxbIzbOniOlMKjJjyPfpl4v+PKK2cNJn91OQbhoJI0=
golang.org/x/sys v0.0.0-20220811171246-fbc7d0a398ab/go.mod h1:oPkhp1MJrh7nUepCBck5+mAzfO9JrbApNNgaTdGDITg=
golang.org/x/sys v0.6.0/go.mod h1:oPkhp1MJrh7nUepCBck5+mAzfO9JrbApNNgaTdGDITg=
golang.org/x/sys v0.12.0/go.mod h1:oPkhp1MJrh7nUepCBck5+mAzfO9JrbApNNgaTdGDITg=
golang.org/x/sys v0.33.0 h1:q3i8TbbEz+JRD9ywIRlyRAQbM0qF7hu24q3teo2hbuw=
golang.org/x/sys v0.33.0/go.mod h1:BJP2sWEmIv4KK5OTEluFJCKSidICx8ciO85XgH3Ak8k=
gopkg.in/check.v1 v0.0.0-20161208181325-20d25e280405 h1:yhCVgyC4o1eVCa2tZl7eS0r+SDo693bJlVdllGtEeKM=
gopkg.in/check.v1 v0.0.0-20161208181325-20d25e280405/go.mod h1:Co6ibVJAznAaIkqp8huTwlJQCZ016jof/cbN4VW5Yz0=
gopkg.in/yaml.v3 v3.0.1 h1:fxVm/GzAzEWqLHuvctI91KS9hhNmmWOoWu0XTYJS7CA=
gopkg.in/yaml.v3 v3.0.1/go.mod h1:K4uyk7z7BCEPqu6E+C64Yfv1cQ7kz7rIZviUmN+EgEM=
